
Microsoft Visual Studio Solution File, Format Version 12.00
# Visual Studio Version 16
VisualStudioVersion = 16.0.29411.108
MinimumVisualStudioVersion = 10.0.40219.1
Project("{FAE04EC0-301F-11D3-BF4B-00C04F79EFBC}") = "HelloObjects", "HelloObjects\HelloObjects.csproj", "{4639CBE1-F337-44FF-BC39-6FCBE1B6CFFE}"
EndProject
Global
	GlobalSection(SolutionConfigurationPlatforms) = preSolution
		Debug|Any CPU = Debug|Any CPU
		Release|Any CPU = Release|Any CPU
	EndGlobalSection
	GlobalSection(ProjectConfigurationPlatforms) = postSolution
		{4639CBE1-F337-44FF-BC39-6FCBE1B6CFFE}.Debug|Any CPU.ActiveCfg = Debug|Any CPU
		{4639CBE1-F337-44FF-BC39-6FCBE1B6CFFE}.Debug|Any CPU.Build.0 = Debug|Any CPU
		{4639CBE1-F337-44FF-BC39-6FCBE1B6CFFE}.Release|Any CPU.ActiveCfg = Release|Any CPU
		{4639CBE1-F337-44FF-BC39-6FCBE1B6CFFE}.Release|Any CPU.Build.0 = Release|Any CPU
	EndGlobalSection
	GlobalSection(SolutionProperties) = preSolution
		HideSolutionNode = FALSE
	EndGlobalSection
	GlobalSection(ExtensibilityGlobals) = postSolution
		SolutionGuid = {EB7E499E-E188-449F-9B70-B0457357FF4B}
	EndGlobalSection
EndGlobal
